
Microsoft Visual Studio Solution File, Format Version 12.00
# Visual Studio Version 16
VisualStudioVersion = 16.0.31321.278
MinimumVisualStudioVersion = 10.0.40219.1
Project("{FAE04EC0-301F-11D3-BF4B-00C04F79EFBC}") = "TrafficLight", "TrafficLight\TrafficLight.csproj", "{0B3E1E9C-50B0-42CF-8E8A-0CE2E356FAC7}"
EndProject
Global
	GlobalSection(SolutionConfigurationPlatforms) = preSolution
		Debug|Any CPU = Debug|Any CPU
		Release|Any CPU = Release|Any CPU
	EndGlobalSection
	GlobalSection(ProjectConfigurationPlatforms) = postSolution
		{0B3E1E9C-50B0-42CF-8E8A-0CE2E356FAC7}.Debug|Any CPU.ActiveCfg = Debug|Any CPU
		{0B3E1E9C-50B0-42CF-8E8A-0CE2E356FAC7}.Debug|Any CPU.Build.0 = Debug|Any CPU
		{0B3E1E9C-50B0-42CF-8E8A-0CE2E356FAC7}.Release|Any CPU.ActiveCfg = Release|Any CPU
		{0B3E1E9C-50B0-42CF-8E8A-0CE2E356FAC7}.Release|Any CPU.Build.0 = Release|Any CPU
	EndGlobalSection
	GlobalSection(SolutionProperties) = preSolution
		HideSolutionNode = FALSE
	EndGlobalSection
	GlobalSection(ExtensibilityGlobals) = postSolution
		SolutionGuid = {811D5391-B09E-4FB6-AA47-760891100102}
	EndGlobalSection
EndGlobal
